
Microsoft Visual Studio Solution File, Format Version 11.00
# Visual Studio 2010
Project("{FAE04EC0-301F-11D3-BF4B-00C04F79EFBC}") = "PetFeedEvents.Database", "PetFeedEvents\PetFeedEvents.Database\PetFeedEvents.Database.csproj", "{07F1C64D-D2A8-4606-82B5-7F9B47F39392}"
EndProject
Project("{FAE04EC0-301F-11D3-BF4B-00C04F79EFBC}") = "PetFeedEvents.DAL", "PetFeedEvents\PetFeedEvents.DAL\PetFeedEvents.DAL.csproj", "{2BDBAF7D-1FC8-48CE-8C4A-56834EDD6893}"
EndProject
Project("{FAE04EC0-301F-11D3-BF4B-00C04F79EFBC}") = "PetFeedEvents.DAL.WCF", "PetFeedEvents\PetFeedEvents.DAL.WCF\PetFeedEvents.DAL.WCF.csproj", "{462603C1-D392-49FA-8D18-7B9CE384AE5A}"
EndProject
Project("{FAE04EC0-301F-11D3-BF4B-00C04F79EFBC}") = "PetFeedEvents.DAL.WCF.Client", "PetFeedEvents\PetFeedEvents.DAL.WCF.Client\PetFeedEvents.DAL.WCF.Client.csproj", "{09B15155-F0B0-4A9A-B394-3B2792E2D884}"
EndProject
Project("{FAE04EC0-301F-11D3-BF4B-00C04F79EFBC}") = "PetFeedEvents.DAL.AdminWCF", "PetFeedEvents\PetFeedEvents.DAL.AdminWCF\PetFeedEvents.DAL.AdminWCF.csproj", "{09390350-644A-47E8-B861-834CD54E4259}"
EndProject
Project("{FAE04EC0-301F-11D3-BF4B-00C04F79EFBC}") = "PetFeedEvents.DAL.AdminWCF.Client", "PetFeedEvents\PetFeedEvents.DAL.AdminWCF.Client\PetFeedEvents.DAL.AdminWCF.Client.csproj", "{8EF7B15B-60CC-4582-9596-6DA2D5C3199A}"
EndProject
Global
	GlobalSection(TeamFoundationVersionControl) = preSolution
		SccNumberOfProjects = 7
		SccEnterpriseProvider = {4CA58AB2-18FA-4F8D-95D4-32DDF27D184C}
		SccTeamFoundationServer = http://192.168.20.109:8080/tfs/platform
		SccLocalPath0 = .
		SccProjectUniqueName1 = PetFeedEvents\\PetFeedEvents.DAL.AdminWCF.Client\\PetFeedEvents.DAL.AdminWCF.Client.csproj
		SccProjectName1 = PetFeedEvents/PetFeedEvents.DAL.AdminWCF.Client
		SccLocalPath1 = PetFeedEvents\\PetFeedEvents.DAL.AdminWCF.Client
		SccProjectUniqueName2 = PetFeedEvents\\PetFeedEvents.DAL.AdminWCF\\PetFeedEvents.DAL.AdminWCF.csproj
		SccProjectName2 = PetFeedEvents/PetFeedEvents.DAL.AdminWCF
		SccLocalPath2 = PetFeedEvents\\PetFeedEvents.DAL.AdminWCF
		SccProjectUniqueName3 = PetFeedEvents\\PetFeedEvents.DAL.WCF.Client\\PetFeedEvents.DAL.WCF.Client.csproj
		SccProjectName3 = PetFeedEvents/PetFeedEvents.DAL.WCF.Client
		SccLocalPath3 = PetFeedEvents\\PetFeedEvents.DAL.WCF.Client
		SccProjectUniqueName4 = PetFeedEvents\\PetFeedEvents.DAL.WCF\\PetFeedEvents.DAL.WCF.csproj
		SccProjectName4 = PetFeedEvents/PetFeedEvents.DAL.WCF
		SccLocalPath4 = PetFeedEvents\\PetFeedEvents.DAL.WCF
		SccProjectUniqueName5 = PetFeedEvents\\PetFeedEvents.DAL\\PetFeedEvents.DAL.csproj
		SccProjectName5 = PetFeedEvents/PetFeedEvents.DAL
		SccLocalPath5 = PetFeedEvents\\PetFeedEvents.DAL
		SccProjectUniqueName6 = PetFeedEvents\\PetFeedEvents.Database\\PetFeedEvents.Database.csproj
		SccProjectName6 = PetFeedEvents/PetFeedEvents.Database
		SccLocalPath6 = PetFeedEvents\\PetFeedEvents.Database
	EndGlobalSection
	GlobalSection(SolutionConfigurationPlatforms) = preSolution
		Debug|Any CPU = Debug|Any CPU
		Release|Any CPU = Release|Any CPU
	EndGlobalSection
	GlobalSection(ProjectConfigurationPlatforms) = postSolution
		{07F1C64D-D2A8-4606-82B5-7F9B47F39392}.Debug|Any CPU.ActiveCfg = Debug|Any CPU
		{07F1C64D-D2A8-4606-82B5-7F9B47F39392}.Debug|Any CPU.Build.0 = Debug|Any CPU
		{07F1C64D-D2A8-4606-82B5-7F9B47F39392}.Release|Any CPU.ActiveCfg = Release|Any CPU
		{07F1C64D-D2A8-4606-82B5-7F9B47F39392}.Release|Any CPU.Build.0 = Release|Any CPU
		{2BDBAF7D-1FC8-48CE-8C4A-56834EDD6893}.Debug|Any CPU.ActiveCfg = Debug|Any CPU
		{2BDBAF7D-1FC8-48CE-8C4A-56834EDD6893}.Debug|Any CPU.Build.0 = Debug|Any CPU
		{2BDBAF7D-1FC8-48CE-8C4A-56834EDD6893}.Release|Any CPU.ActiveCfg = Release|Any CPU
		{2BDBAF7D-1FC8-48CE-8C4A-56834EDD6893}.Release|Any CPU.Build.0 = Release|Any CPU
		{462603C1-D392-49FA-8D18-7B9CE384AE5A}.Debug|Any CPU.ActiveCfg = Debug|Any CPU
		{462603C1-D392-49FA-8D18-7B9CE384AE5A}.Debug|Any CPU.Build.0 = Debug|Any CPU
		{462603C1-D392-49FA-8D18-7B9CE384AE5A}.Release|Any CPU.ActiveCfg = Release|Any CPU
		{462603C1-D392-49FA-8D18-7B9CE384AE5A}.Release|Any CPU.Build.0 = Release|Any CPU
		{09B15155-F0B0-4A9A-B394-3B2792E2D884}.Debug|Any CPU.ActiveCfg = Debug|Any CPU
		{09B15155-F0B0-4A9A-B394-3B2792E2D884}.Debug|Any CPU.Build.0 = Debug|Any CPU
		{09B15155-F0B0-4A9A-B394-3B2792E2D884}.Release|Any CPU.ActiveCfg = Release|Any CPU
		{09B15155-F0B0-4A9A-B394-3B2792E2D884}.Release|Any CPU.Build.0 = Release|Any CPU
		{09390350-644A-47E8-B861-834CD54E4259}.Debug|Any CPU.ActiveCfg = Debug|Any CPU
		{09390350-644A-47E8-B861-834CD54E4259}.Debug|Any CPU.Build.0 = Debug|Any CPU
		{09390350-644A-47E8-B861-834CD54E4259}.Release|Any CPU.ActiveCfg = Release|Any CPU
		{09390350-644A-47E8-B861-834CD54E4259}.Release|Any CPU.Build.0 = Release|Any CPU
		{8EF7B15B-60CC-4582-9596-6DA2D5C3199A}.Debug|Any CPU.ActiveCfg = Debug|Any CPU
		{8EF7B15B-60CC-4582-9596-6DA2D5C3199A}.Debug|Any CPU.Build.0 = Debug|Any CPU
		{8EF7B15B-60CC-4582-9596-6DA2D5C3199A}.Release|Any CPU.ActiveCfg = Release|Any CPU
		{8EF7B15B-60CC-4582-9596-6DA2D5C3199A}.Release|Any CPU.Build.0 = Release|Any CPU
	EndGlobalSection
	GlobalSection(SolutionProperties) = preSolution
		HideSolutionNode = FALSE
	EndGlobalSection
EndGlobal
